
Microsoft Visual Studio Solution File, Format Version 12.00
# Visual Studio Version 17
VisualStudioVersion = 17.0.31903.59
MinimumVisualStudioVersion = 10.0.40219.1
Project("{2150E333-8FDC-42A3-9474-1A3956D46DE8}") = "src", "src", "{24366652-9767-4905-8ADA-2DD33ECF5C7A}"
EndProject
Project("{F2A71F9B-5D33-465A-A702-920D77279786}") = "SnippetPredictor", "src\SnippetPredictor\SnippetPredictor.fsproj", "{55D4E0C9-EBB0-44F1-B8F0-237697B7151C}"
EndProject
Global
	GlobalSection(SolutionConfigurationPlatforms) = preSolution
		Debug|Any CPU = Debug|Any CPU
		Release|Any CPU = Release|Any CPU
	EndGlobalSection
	GlobalSection(SolutionProperties) = preSolution
		HideSolutionNode = FALSE
	EndGlobalSection
	GlobalSection(ProjectConfigurationPlatforms) = postSolution
		{55D4E0C9-EBB0-44F1-B8F0-237697B7151C}.Debug|Any CPU.ActiveCfg = Debug|Any CPU
		{55D4E0C9-EBB0-44F1-B8F0-237697B7151C}.Debug|Any CPU.Build.0 = Debug|Any CPU
		{55D4E0C9-EBB0-44F1-B8F0-237697B7151C}.Release|Any CPU.ActiveCfg = Release|Any CPU
		{55D4E0C9-EBB0-44F1-B8F0-237697B7151C}.Release|Any CPU.Build.0 = Release|Any CPU
	EndGlobalSection
	GlobalSection(NestedProjects) = preSolution
		{55D4E0C9-EBB0-44F1-B8F0-237697B7151C} = {24366652-9767-4905-8ADA-2DD33ECF5C7A}
	EndGlobalSection
EndGlobal
